Microsoft Visual Studio Solution File, Format Version 8.00
Project("{8BC9CEB8-8B4A-11D0-8D11-00A0C91BC942}") = "VBATest", "VBATest.net2003.vcproj", "{11B81620-ADF1-46FB-98B0-AF83AB34CAAC}"
	ProjectSection(ProjectDependencies) = postProject
	EndProjectSection
EndProject
Global
	GlobalSection(SolutionConfiguration) = preSolution
		Debug = Debug
		Release = Release
		Profile = Profile
		Release MinDependency = Release MinDependency
		Release MinSize = Release MinSize
		ReleaseTest = ReleaseTest
		ReleaseTestFrench = ReleaseTestFrench
		ReleaseTestGerman = ReleaseTestGerman
		ReleaseTestSpanish = ReleaseTestSpanish
		Unicode Debug = Unicode Debug
		Unicode Release MinDependency = Unicode Release MinDependency
		Unicode Release MinSize = Unicode Release MinSize
	EndGlobalSection
	GlobalSection(ProjectConfiguration) = postSolution
		{11B81620-ADF1-46FB-98B0-AF83AB34CAAC}.Debug.ActiveCfg = Debug|Win32
		{11B81620-ADF1-46FB-98B0-AF83AB34CAAC}.Debug.Build.0 = Debug|Win32
		{11B81620-ADF1-46FB-98B0-AF83AB34CAAC}.Release.ActiveCfg = ReleaseTest|Win32
		{11B81620-ADF1-46FB-98B0-AF83AB34CAAC}.Release.Build.0 = ReleaseTest|Win32
		{11B81620-ADF1-46FB-98B0-AF83AB34CAAC}.Profile.ActiveCfg = Profile|Win32
		{11B81620-ADF1-46FB-98B0-AF83AB34CAAC}.Profile.Build.0 = Profile|Win32
		{11B81620-ADF1-46FB-98B0-AF83AB34CAAC}.Release MinDependency.ActiveCfg = Release MinDependency|Win32
		{11B81620-ADF1-46FB-98B0-AF83AB34CAAC}.Release MinDependency.Build.0 = Release MinDependency|Win32
		{11B81620-ADF1-46FB-98B0-AF83AB34CAAC}.Release MinSize.ActiveCfg = Release MinSize|Win32
		{11B81620-ADF1-46FB-98B0-AF83AB34CAAC}.Release MinSize.Build.0 = Release MinSize|Win32
		{11B81620-ADF1-46FB-98B0-AF83AB34CAAC}.ReleaseTest.ActiveCfg = ReleaseTest|Win32
		{11B81620-ADF1-46FB-98B0-AF83AB34CAAC}.ReleaseTest.Build.0 = ReleaseTest|Win32
		{11B81620-ADF1-46FB-98B0-AF83AB34CAAC}.ReleaseTestFrench.ActiveCfg = ReleaseTestFrench|Win32
		{11B81620-ADF1-46FB-98B0-AF83AB34CAAC}.ReleaseTestFrench.Build.0 = ReleaseTestFrench|Win32
		{11B81620-ADF1-46FB-98B0-AF83AB34CAAC}.ReleaseTestGerman.ActiveCfg = ReleaseTestGerman|Win32
		{11B81620-ADF1-46FB-98B0-AF83AB34CAAC}.ReleaseTestGerman.Build.0 = ReleaseTestGerman|Win32
		{11B81620-ADF1-46FB-98B0-AF83AB34CAAC}.ReleaseTestSpanish.ActiveCfg = ReleaseTestSpanish|Win32
		{11B81620-ADF1-46FB-98B0-AF83AB34CAAC}.ReleaseTestSpanish.Build.0 = ReleaseTestSpanish|Win32
		{11B81620-ADF1-46FB-98B0-AF83AB34CAAC}.Unicode Debug.ActiveCfg = Unicode Debug|Win32
		{11B81620-ADF1-46FB-98B0-AF83AB34CAAC}.Unicode Debug.Build.0 = Unicode Debug|Win32
		{11B81620-ADF1-46FB-98B0-AF83AB34CAAC}.Unicode Release MinDependency.ActiveCfg = Unicode Release MinDependency|Win32
		{11B81620-ADF1-46FB-98B0-AF83AB34CAAC}.Unicode Release MinDependency.Build.0 = Unicode Release MinDependency|Win32
		{11B81620-ADF1-46FB-98B0-AF83AB34CAAC}.Unicode Release MinSize.ActiveCfg = Unicode Release MinSize|Win32
		{11B81620-ADF1-46FB-98B0-AF83AB34CAAC}.Unicode Release MinSize.Build.0 = Unicode Release MinSize|Win32
	EndGlobalSection
	GlobalSection(ExtensibilityGlobals) = postSolution
	EndGlobalSection
	GlobalSection(ExtensibilityAddIns) = postSolution
	EndGlobalSection
	GlobalSection(DPCodeReviewSolutionGUID) = preSolution
		DPCodeReviewSolutionGUID = {00000000-0000-0000-0000-000000000000}
	EndGlobalSection
	GlobalSection(ProjectConfigurationPlatforms) = postSolution
		{11B81620-ADF1-46FB-98B0-AF83AB34CAAC}.Debug|Win32.ActiveCfg = Debug|Win32
		{11B81620-ADF1-46FB-98B0-AF83AB34CAAC}.Debug|Win32.Build.0 = Debug|Win32
		{11B81620-ADF1-46FB-98B0-AF83AB34CAAC}.Profile|Win32.ActiveCfg = Profile|Win32
		{11B81620-ADF1-46FB-98B0-AF83AB34CAAC}.Profile|Win32.Build.0 = Profile|Win32
		{11B81620-ADF1-46FB-98B0-AF83AB34CAAC}.Release MinDependency|Win32.ActiveCfg = Release MinDependency|Win32
		{11B81620-ADF1-46FB-98B0-AF83AB34CAAC}.Release MinDependency|Win32.Build.0 = Release MinDependency|Win32
		{11B81620-ADF1-46FB-98B0-AF83AB34CAAC}.Release MinSize|Win32.ActiveCfg = Release MinSize|Win32
		{11B81620-ADF1-46FB-98B0-AF83AB34CAAC}.Release MinSize|Win32.Build.0 = Release MinSize|Win32
		{11B81620-ADF1-46FB-98B0-AF83AB34CAAC}.Release|Win32.ActiveCfg = ReleaseTest|Win32
		{11B81620-ADF1-46FB-98B0-AF83AB34CAAC}.Release|Win32.Build.0 = ReleaseTest|Win32
		{11B81620-ADF1-46FB-98B0-AF83AB34CAAC}.ReleaseTest|Win32.ActiveCfg = ReleaseTest|Win32
		{11B81620-ADF1-46FB-98B0-AF83AB34CAAC}.ReleaseTest|Win32.Build.0 = ReleaseTest|Win32
		{11B81620-ADF1-46FB-98B0-AF83AB34CAAC}.ReleaseTestFrench|Win32.ActiveCfg = ReleaseTestFrench|Win32
		{11B81620-ADF1-46FB-98B0-AF83AB34CAAC}.ReleaseTestFrench|Win32.Build.0 = ReleaseTestFrench|Win32
		{11B81620-ADF1-46FB-98B0-AF83AB34CAAC}.ReleaseTestGerman|Win32.ActiveCfg = ReleaseTestGerman|Win32
		{11B81620-ADF1-46FB-98B0-AF83AB34CAAC}.ReleaseTestGerman|Win32.Build.0 = ReleaseTestGerman|Win32
		{11B81620-ADF1-46FB-98B0-AF83AB34CAAC}.ReleaseTestSpanish|Win32.ActiveCfg = ReleaseTestSpanish|Win32
		{11B81620-ADF1-46FB-98B0-AF83AB34CAAC}.ReleaseTestSpanish|Win32.Build.0 = ReleaseTestSpanish|Win32
		{11B81620-ADF1-46FB-98B0-AF83AB34CAAC}.Unicode Debug|Win32.ActiveCfg = Unicode Debug|Win32
		{11B81620-ADF1-46FB-98B0-AF83AB34CAAC}.Unicode Debug|Win32.Build.0 = Unicode Debug|Win32
		{11B81620-ADF1-46FB-98B0-AF83AB34CAAC}.Unicode Release MinDependency|Win32.ActiveCfg = Unicode Release MinDependency|Win32
		{11B81620-ADF1-46FB-98B0-AF83AB34CAAC}.Unicode Release MinDependency|Win32.Build.0 = Unicode Release MinDependency|Win32
		{11B81620-ADF1-46FB-98B0-AF83AB34CAAC}.Unicode Release MinSize|Win32.ActiveCfg = Unicode Release MinSize|Win32
		{11B81620-ADF1-46FB-98B0-AF83AB34CAAC}.Unicode Release MinSize|Win32.Build.0 = Unicode Release MinSize|Win32
	EndGlobalSection
EndGlobal
