<?xml version="1.0" encoding="utf-8"?>
<Project ToolsVersion="4.0" xmlns="http://schemas.microsoft.com/developer/msbuild/2003">
  <ItemGroup>
    <Filter Include="source">
      <UniqueIdentifier>{4FC737F1-C7A5-4376-A066-2A32D752A2FF}</UniqueIdentifier>
      <Extensions>cpp;c;cc;cxx;c++;cppm;ixx;def;odl;idl;hpj;bat;asm;asmx</Extensions>
    </Filter>
  </ItemGroup>
  <ItemGroup>
    <ClCompile Include="../../plugins/pup/common.cpp">
      <Filter>source</Filter>
    </ClCompile>
    <ClCompile Include="../../plugins/pup/PUPPlugin.cpp">
      <Filter>source</Filter>
    </ClCompile>
    <ClCompile Include="../../plugins/pup/PUPCustomPos.cpp">
      <Filter>source</Filter>
    </ClCompile>
    <ClCompile Include="../../plugins/pup/PUPLabel.cpp">
      <Filter>source</Filter>
    </ClCompile>
    <ClCompile Include="../../plugins/pup/PUPManager.cpp">
      <Filter>source</Filter>
    </ClCompile>
    <ClCompile Include="../../plugins/pup/PUPMediaManager.cpp">
      <Filter>source</Filter>
    </ClCompile>
    <ClCompile Include="../../plugins/pup/PUPMediaPlayer.cpp">
      <Filter>source</Filter>
    </ClCompile>
    <ClCompile Include="../../plugins/pup/PUPPinDisplay.cpp">
      <Filter>source</Filter>
    </ClCompile>
    <ClCompile Include="../../plugins/pup/PUPPlaylist.cpp">
      <Filter>source</Filter>
    </ClCompile>
    <ClCompile Include="../../plugins/pup/PUPScreen.cpp">
      <Filter>source</Filter>
    </ClCompile>
    <ClCompile Include="../../plugins/pup/PUPTrigger.cpp">
      <Filter>source</Filter>
    </ClCompile>
  </ItemGroup>
  <ItemGroup>
    <ClInclude Include="../../plugins/pup/common.h">
      <Filter>source</Filter>
    </ClInclude>
    <ClInclude Include="../../plugins/pup/PUPCustomPos.h">
      <Filter>source</Filter>
    </ClInclude>
    <ClInclude Include="../../plugins/pup/PUPLabel.h">
      <Filter>source</Filter>
    </ClInclude>
    <ClInclude Include="../../plugins/pup/PUPManager.h">
      <Filter>source</Filter>
    </ClInclude>
    <ClInclude Include="../../plugins/pup/PUPMediaManager.h">
      <Filter>source</Filter>
    </ClInclude>
    <ClInclude Include="../../plugins/pup/PUPMediaPlayer.h">
      <Filter>source</Filter>
    </ClInclude>
    <ClInclude Include="../../plugins/pup/PUPPinDisplay.h">
      <Filter>source</Filter>
    </ClInclude>
    <ClInclude Include="../../plugins/pup/PUPPlaylist.h">
      <Filter>source</Filter>
    </ClInclude>
    <ClInclude Include="../../plugins/pup/PUPScreen.h">
      <Filter>source</Filter>
    </ClInclude>
    <ClInclude Include="../../plugins/pup/PUPTrigger.h">
      <Filter>source</Filter>
    </ClInclude>
  </ItemGroup>
  <ItemGroup>
    <CopyFileToFolders Include="../../plugins/pup/plugin.cfg">
      <Filter>source</Filter>
    </CopyFileToFolders>
  </ItemGroup>
</Project>