Microsoft Visual Studio Solution File, Format Version 12.00
MinimumVisualStudioVersion = 10.0.40219.1
Project("{8BC9CEB8-8B4A-11D0-8D11-00A0C91BC942}") = "VPinball", "VisualPinball.vcxproj", "{11B81620-ADF1-46FB-98B0-AF83AB34CAAC}"
EndProject
Project("{8BC9CEB8-8B4A-11D0-8D11-00A0C91BC942}") = "plugin-helloworld", "plugin-helloworld.vcxproj", "{2BF90D88-9139-4E66-A778-4327311AF777}"
EndProject
Project("{8BC9CEB8-8B4A-11D0-8D11-00A0C91BC942}") = "plugin-helloscript", "plugin-helloscript.vcxproj", "{BD05BA74-3676-42D7-AD6A-79C2DE31100E}"
EndProject
Project("{8BC9CEB8-8B4A-11D0-8D11-00A0C91BC942}") = "plugin-flexdmd", "plugin-flexdmd.vcxproj", "{2BF90D88-9139-4E66-A778-4327311AF77B}"
EndProject
Project("{8BC9CEB8-8B4A-11D0-8D11-00A0C91BC942}") = "plugin-alphadmd", "plugin-alphadmd.vcxproj", "{2BF90D88-9139-4E66-A778-4327311AF7A7}"
EndProject
Project("{8BC9CEB8-8B4A-11D0-8D11-00A0C91BC942}") = "plugin-pinmame", "plugin-pinmame.vcxproj", "{2BF90D88-9139-4E66-A778-4327311AF77C}"
EndProject
Project("{8BC9CEB8-8B4A-11D0-8D11-00A0C91BC942}") = "plugin-serum", "plugin-serum.vcxproj", "{2BF90D88-9139-4E66-A778-4327311AF778}"
EndProject
Project("{8BC9CEB8-8B4A-11D0-8D11-00A0C91BC942}") = "plugin-pinup-events", "plugin-pinup-events.vcxproj", "{2BF90D88-9139-4E66-A778-4327311AF779}"
EndProject
Global
	GlobalSection(SolutionConfigurationPlatforms) = preSolution
		Debug_BGFX|x64 = Debug_BGFX|x64
		Debug_BGFX|x86 = Debug_BGFX|x86
		Debug_GL|x64 = Debug_GL|x64
		Debug_GL|x86 = Debug_GL|x86
		Debug|x64 = Debug|x64
		Debug|x86 = Debug|x86
		Release_BGFX|x64 = Release_BGFX|x64
		Release_BGFX|x86 = Release_BGFX|x86
		Release_GL|x64 = Release_GL|x64
		Release_GL|x86 = Release_GL|x86
		Release|x64 = Release|x64
		Release|x86 = Release|x86
	EndGlobalSection
	GlobalSection(ProjectConfigurationPlatforms) = postSolution
		{11B81620-ADF1-46FB-98B0-AF83AB34CAAC}.Debug_BGFX|x64.ActiveCfg = Debug_BGFX|x64
		{11B81620-ADF1-46FB-98B0-AF83AB34CAAC}.Debug_BGFX|x64.Build.0 = Debug_BGFX|x64
		{11B81620-ADF1-46FB-98B0-AF83AB34CAAC}.Debug_BGFX|x86.ActiveCfg = Debug_BGFX|Win32
		{11B81620-ADF1-46FB-98B0-AF83AB34CAAC}.Debug_BGFX|x86.Build.0 = Debug_BGFX|Win32
		{11B81620-ADF1-46FB-98B0-AF83AB34CAAC}.Debug_GL|x64.ActiveCfg = Debug_GL|x64
		{11B81620-ADF1-46FB-98B0-AF83AB34CAAC}.Debug_GL|x64.Build.0 = Debug_GL|x64
		{11B81620-ADF1-46FB-98B0-AF83AB34CAAC}.Debug_GL|x86.ActiveCfg = Debug_GL|Win32
		{11B81620-ADF1-46FB-98B0-AF83AB34CAAC}.Debug_GL|x86.Build.0 = Debug_GL|Win32
		{11B81620-ADF1-46FB-98B0-AF83AB34CAAC}.Debug|x64.ActiveCfg = Debug|x64
		{11B81620-ADF1-46FB-98B0-AF83AB34CAAC}.Debug|x64.Build.0 = Debug|x64
		{11B81620-ADF1-46FB-98B0-AF83AB34CAAC}.Debug|x86.ActiveCfg = Debug|Win32
		{11B81620-ADF1-46FB-98B0-AF83AB34CAAC}.Debug|x86.Build.0 = Debug|Win32
		{11B81620-ADF1-46FB-98B0-AF83AB34CAAC}.Release_BGFX|x64.ActiveCfg = Release_BGFX|x64
		{11B81620-ADF1-46FB-98B0-AF83AB34CAAC}.Release_BGFX|x64.Build.0 = Release_BGFX|x64
		{11B81620-ADF1-46FB-98B0-AF83AB34CAAC}.Release_BGFX|x86.ActiveCfg = Release_BGFX|Win32
		{11B81620-ADF1-46FB-98B0-AF83AB34CAAC}.Release_BGFX|x86.Build.0 = Release_BGFX|Win32
		{11B81620-ADF1-46FB-98B0-AF83AB34CAAC}.Release_GL|x64.ActiveCfg = Release_GL|x64
		{11B81620-ADF1-46FB-98B0-AF83AB34CAAC}.Release_GL|x64.Build.0 = Release_GL|x64
		{11B81620-ADF1-46FB-98B0-AF83AB34CAAC}.Release_GL|x86.ActiveCfg = Release_GL|Win32
		{11B81620-ADF1-46FB-98B0-AF83AB34CAAC}.Release_GL|x86.Build.0 = Release_GL|Win32
		{11B81620-ADF1-46FB-98B0-AF83AB34CAAC}.Release|x64.ActiveCfg = Release|x64
		{11B81620-ADF1-46FB-98B0-AF83AB34CAAC}.Release|x64.Build.0 = Release|x64
		{11B81620-ADF1-46FB-98B0-AF83AB34CAAC}.Release|x86.ActiveCfg = Release|Win32
		{11B81620-ADF1-46FB-98B0-AF83AB34CAAC}.Release|x86.Build.0 = Release|Win32

		{2BF90D88-9139-4E66-A778-4327311AF777}.Debug_BGFX|x64.ActiveCfg = Debug|x64
		{2BF90D88-9139-4E66-A778-4327311AF777}.Debug_BGFX|x64.Build.0 = Debug|x64
		{2BF90D88-9139-4E66-A778-4327311AF777}.Debug_BGFX|x86.ActiveCfg = Debug|Win32
		{2BF90D88-9139-4E66-A778-4327311AF777}.Debug_BGFX|x86.Build.0 = Debug|Win32
		{2BF90D88-9139-4E66-A778-4327311AF777}.Debug_GL|x64.ActiveCfg = Debug|x64
		{2BF90D88-9139-4E66-A778-4327311AF777}.Debug_GL|x64.Build.0 = Debug|x64
		{2BF90D88-9139-4E66-A778-4327311AF777}.Debug_GL|x86.ActiveCfg = Debug|Win32
		{2BF90D88-9139-4E66-A778-4327311AF777}.Debug_GL|x86.Build.0 = Debug|Win32
		{2BF90D88-9139-4E66-A778-4327311AF777}.Debug|x64.ActiveCfg = Debug|x64
		{2BF90D88-9139-4E66-A778-4327311AF777}.Debug|x64.Build.0 = Debug|x64
		{2BF90D88-9139-4E66-A778-4327311AF777}.Debug|x86.ActiveCfg = Debug|Win32
		{2BF90D88-9139-4E66-A778-4327311AF777}.Debug|x86.Build.0 = Debug|Win32
		{2BF90D88-9139-4E66-A778-4327311AF777}.Release_BGFX|x64.ActiveCfg = Release|x64
		{2BF90D88-9139-4E66-A778-4327311AF777}.Release_BGFX|x64.Build.0 = Release|x64
		{2BF90D88-9139-4E66-A778-4327311AF777}.Release_BGFX|x86.ActiveCfg = Release|Win32
		{2BF90D88-9139-4E66-A778-4327311AF777}.Release_BGFX|x86.Build.0 = Release|Win32
		{2BF90D88-9139-4E66-A778-4327311AF777}.Release_GL|x64.ActiveCfg = Release|x64
		{2BF90D88-9139-4E66-A778-4327311AF777}.Release_GL|x64.Build.0 = Release|x64
		{2BF90D88-9139-4E66-A778-4327311AF777}.Release_GL|x86.ActiveCfg = Release|Win32
		{2BF90D88-9139-4E66-A778-4327311AF777}.Release_GL|x86.Build.0 = Release|Win32
		{2BF90D88-9139-4E66-A778-4327311AF777}.Release|x64.ActiveCfg = Release|x64
		{2BF90D88-9139-4E66-A778-4327311AF777}.Release|x64.Build.0 = Release|x64
		{2BF90D88-9139-4E66-A778-4327311AF777}.Release|x86.ActiveCfg = Release|Win32
		{2BF90D88-9139-4E66-A778-4327311AF777}.Release|x86.Build.0 = Release|Win32

		{BD05BA74-3676-42D7-AD6A-79C2DE31100E}.Debug_BGFX|x64.ActiveCfg = Debug|x64
		{BD05BA74-3676-42D7-AD6A-79C2DE31100E}.Debug_BGFX|x64.Build.0 = Debug|x64
		{BD05BA74-3676-42D7-AD6A-79C2DE31100E}.Debug_BGFX|x86.ActiveCfg = Debug|Win32
		{BD05BA74-3676-42D7-AD6A-79C2DE31100E}.Debug_BGFX|x86.Build.0 = Debug|Win32
		{BD05BA74-3676-42D7-AD6A-79C2DE31100E}.Debug_GL|x64.ActiveCfg = Debug|x64
		{BD05BA74-3676-42D7-AD6A-79C2DE31100E}.Debug_GL|x64.Build.0 = Debug|x64
		{BD05BA74-3676-42D7-AD6A-79C2DE31100E}.Debug_GL|x86.ActiveCfg = Debug|Win32
		{BD05BA74-3676-42D7-AD6A-79C2DE31100E}.Debug_GL|x86.Build.0 = Debug|Win32
		{BD05BA74-3676-42D7-AD6A-79C2DE31100E}.Debug|x64.ActiveCfg = Debug|x64
		{BD05BA74-3676-42D7-AD6A-79C2DE31100E}.Debug|x64.Build.0 = Debug|x64
		{BD05BA74-3676-42D7-AD6A-79C2DE31100E}.Debug|x86.ActiveCfg = Debug|Win32
		{BD05BA74-3676-42D7-AD6A-79C2DE31100E}.Debug|x86.Build.0 = Debug|Win32
		{BD05BA74-3676-42D7-AD6A-79C2DE31100E}.Release_BGFX|x64.ActiveCfg = Release|x64
		{BD05BA74-3676-42D7-AD6A-79C2DE31100E}.Release_BGFX|x64.Build.0 = Release|x64
		{BD05BA74-3676-42D7-AD6A-79C2DE31100E}.Release_BGFX|x86.ActiveCfg = Release|Win32
		{BD05BA74-3676-42D7-AD6A-79C2DE31100E}.Release_BGFX|x86.Build.0 = Release|Win32
		{BD05BA74-3676-42D7-AD6A-79C2DE31100E}.Release_GL|x64.ActiveCfg = Release|x64
		{BD05BA74-3676-42D7-AD6A-79C2DE31100E}.Release_GL|x64.Build.0 = Release|x64
		{BD05BA74-3676-42D7-AD6A-79C2DE31100E}.Release_GL|x86.ActiveCfg = Release|Win32
		{BD05BA74-3676-42D7-AD6A-79C2DE31100E}.Release_GL|x86.Build.0 = Release|Win32
		{BD05BA74-3676-42D7-AD6A-79C2DE31100E}.Release|x64.ActiveCfg = Release|x64
		{BD05BA74-3676-42D7-AD6A-79C2DE31100E}.Release|x64.Build.0 = Release|x64
		{BD05BA74-3676-42D7-AD6A-79C2DE31100E}.Release|x86.ActiveCfg = Release|Win32
		{BD05BA74-3676-42D7-AD6A-79C2DE31100E}.Release|x86.Build.0 = Release|Win32

		{2BF90D88-9139-4E66-A778-4327311AF77B}.Debug_BGFX|x64.ActiveCfg = Debug|x64
		{2BF90D88-9139-4E66-A778-4327311AF77B}.Debug_BGFX|x64.Build.0 = Debug|x64
		{2BF90D88-9139-4E66-A778-4327311AF77B}.Debug_BGFX|x86.ActiveCfg = Debug|Win32
		{2BF90D88-9139-4E66-A778-4327311AF77B}.Debug_BGFX|x86.Build.0 = Debug|Win32
		{2BF90D88-9139-4E66-A778-4327311AF77B}.Debug_GL|x64.ActiveCfg = Debug|x64
		{2BF90D88-9139-4E66-A778-4327311AF77B}.Debug_GL|x64.Build.0 = Debug|x64
		{2BF90D88-9139-4E66-A778-4327311AF77B}.Debug_GL|x86.ActiveCfg = Debug|Win32
		{2BF90D88-9139-4E66-A778-4327311AF77B}.Debug_GL|x86.Build.0 = Debug|Win32
		{2BF90D88-9139-4E66-A778-4327311AF77B}.Debug|x64.ActiveCfg = Debug|x64
		{2BF90D88-9139-4E66-A778-4327311AF77B}.Debug|x64.Build.0 = Debug|x64
		{2BF90D88-9139-4E66-A778-4327311AF77B}.Debug|x86.ActiveCfg = Debug|Win32
		{2BF90D88-9139-4E66-A778-4327311AF77B}.Debug|x86.Build.0 = Debug|Win32
		{2BF90D88-9139-4E66-A778-4327311AF77B}.Release_BGFX|x64.ActiveCfg = Release|x64
		{2BF90D88-9139-4E66-A778-4327311AF77B}.Release_BGFX|x64.Build.0 = Release|x64
		{2BF90D88-9139-4E66-A778-4327311AF77B}.Release_BGFX|x86.ActiveCfg = Release|Win32
		{2BF90D88-9139-4E66-A778-4327311AF77B}.Release_BGFX|x86.Build.0 = Release|Win32
		{2BF90D88-9139-4E66-A778-4327311AF77B}.Release_GL|x64.ActiveCfg = Release|x64
		{2BF90D88-9139-4E66-A778-4327311AF77B}.Release_GL|x64.Build.0 = Release|x64
		{2BF90D88-9139-4E66-A778-4327311AF77B}.Release_GL|x86.ActiveCfg = Release|Win32
		{2BF90D88-9139-4E66-A778-4327311AF77B}.Release_GL|x86.Build.0 = Release|Win32
		{2BF90D88-9139-4E66-A778-4327311AF77B}.Release|x64.ActiveCfg = Release|x64
		{2BF90D88-9139-4E66-A778-4327311AF77B}.Release|x64.Build.0 = Release|x64
		{2BF90D88-9139-4E66-A778-4327311AF77B}.Release|x86.ActiveCfg = Release|Win32
		{2BF90D88-9139-4E66-A778-4327311AF77B}.Release|x86.Build.0 = Release|Win32

		{2BF90D88-9139-4E66-A778-4327311AF77C}.Debug_BGFX|x64.ActiveCfg = Debug|x64
		{2BF90D88-9139-4E66-A778-4327311AF77C}.Debug_BGFX|x64.Build.0 = Debug|x64
		{2BF90D88-9139-4E66-A778-4327311AF77C}.Debug_BGFX|x86.ActiveCfg = Debug|Win32
		{2BF90D88-9139-4E66-A778-4327311AF77C}.Debug_BGFX|x86.Build.0 = Debug|Win32
		{2BF90D88-9139-4E66-A778-4327311AF77C}.Debug_GL|x64.ActiveCfg = Debug|x64
		{2BF90D88-9139-4E66-A778-4327311AF77C}.Debug_GL|x64.Build.0 = Debug|x64
		{2BF90D88-9139-4E66-A778-4327311AF77C}.Debug_GL|x86.ActiveCfg = Debug|Win32
		{2BF90D88-9139-4E66-A778-4327311AF77C}.Debug_GL|x86.Build.0 = Debug|Win32
		{2BF90D88-9139-4E66-A778-4327311AF77C}.Debug|x64.ActiveCfg = Debug|x64
		{2BF90D88-9139-4E66-A778-4327311AF77C}.Debug|x64.Build.0 = Debug|x64
		{2BF90D88-9139-4E66-A778-4327311AF77C}.Debug|x86.ActiveCfg = Debug|Win32
		{2BF90D88-9139-4E66-A778-4327311AF77C}.Debug|x86.Build.0 = Debug|Win32
		{2BF90D88-9139-4E66-A778-4327311AF77C}.Release_BGFX|x64.ActiveCfg = Release|x64
		{2BF90D88-9139-4E66-A778-4327311AF77C}.Release_BGFX|x64.Build.0 = Release|x64
		{2BF90D88-9139-4E66-A778-4327311AF77C}.Release_BGFX|x86.ActiveCfg = Release|Win32
		{2BF90D88-9139-4E66-A778-4327311AF77C}.Release_BGFX|x86.Build.0 = Release|Win32
		{2BF90D88-9139-4E66-A778-4327311AF77C}.Release_GL|x64.ActiveCfg = Release|x64
		{2BF90D88-9139-4E66-A778-4327311AF77C}.Release_GL|x64.Build.0 = Release|x64
		{2BF90D88-9139-4E66-A778-4327311AF77C}.Release_GL|x86.ActiveCfg = Release|Win32
		{2BF90D88-9139-4E66-A778-4327311AF77C}.Release_GL|x86.Build.0 = Release|Win32
		{2BF90D88-9139-4E66-A778-4327311AF77C}.Release|x64.ActiveCfg = Release|x64
		{2BF90D88-9139-4E66-A778-4327311AF77C}.Release|x64.Build.0 = Release|x64
		{2BF90D88-9139-4E66-A778-4327311AF77C}.Release|x86.ActiveCfg = Release|Win32
		{2BF90D88-9139-4E66-A778-4327311AF77C}.Release|x86.Build.0 = Release|Win32

		{2BF90D88-9139-4E66-A778-4327311AF778}.Debug_BGFX|x64.ActiveCfg = Debug|x64
		{2BF90D88-9139-4E66-A778-4327311AF778}.Debug_BGFX|x64.Build.0 = Debug|x64
		{2BF90D88-9139-4E66-A778-4327311AF778}.Debug_BGFX|x86.ActiveCfg = Debug|Win32
		{2BF90D88-9139-4E66-A778-4327311AF778}.Debug_BGFX|x86.Build.0 = Debug|Win32
		{2BF90D88-9139-4E66-A778-4327311AF778}.Debug_GL|x64.ActiveCfg = Debug|x64
		{2BF90D88-9139-4E66-A778-4327311AF778}.Debug_GL|x64.Build.0 = Debug|x64
		{2BF90D88-9139-4E66-A778-4327311AF778}.Debug_GL|x86.ActiveCfg = Debug|Win32
		{2BF90D88-9139-4E66-A778-4327311AF778}.Debug_GL|x86.Build.0 = Debug|Win32
		{2BF90D88-9139-4E66-A778-4327311AF778}.Debug|x64.ActiveCfg = Debug|x64
		{2BF90D88-9139-4E66-A778-4327311AF778}.Debug|x64.Build.0 = Debug|x64
		{2BF90D88-9139-4E66-A778-4327311AF778}.Debug|x86.ActiveCfg = Debug|Win32
		{2BF90D88-9139-4E66-A778-4327311AF778}.Debug|x86.Build.0 = Debug|Win32
		{2BF90D88-9139-4E66-A778-4327311AF778}.Release_BGFX|x64.ActiveCfg = Release|x64
		{2BF90D88-9139-4E66-A778-4327311AF778}.Release_BGFX|x64.Build.0 = Release|x64
		{2BF90D88-9139-4E66-A778-4327311AF778}.Release_BGFX|x86.ActiveCfg = Release|Win32
		{2BF90D88-9139-4E66-A778-4327311AF778}.Release_BGFX|x86.Build.0 = Release|Win32
		{2BF90D88-9139-4E66-A778-4327311AF778}.Release_GL|x64.ActiveCfg = Release|x64
		{2BF90D88-9139-4E66-A778-4327311AF778}.Release_GL|x64.Build.0 = Release|x64
		{2BF90D88-9139-4E66-A778-4327311AF778}.Release_GL|x86.ActiveCfg = Release|Win32
		{2BF90D88-9139-4E66-A778-4327311AF778}.Release_GL|x86.Build.0 = Release|Win32
		{2BF90D88-9139-4E66-A778-4327311AF778}.Release|x64.ActiveCfg = Release|x64
		{2BF90D88-9139-4E66-A778-4327311AF778}.Release|x64.Build.0 = Release|x64
		{2BF90D88-9139-4E66-A778-4327311AF778}.Release|x86.ActiveCfg = Release|Win32
		{2BF90D88-9139-4E66-A778-4327311AF778}.Release|x86.Build.0 = Release|Win32

		{2BF90D88-9139-4E66-A778-4327311AF779}.Debug_BGFX|x64.ActiveCfg = Debug|x64
		{2BF90D88-9139-4E66-A778-4327311AF779}.Debug_BGFX|x64.Build.0 = Debug|x64
		{2BF90D88-9139-4E66-A778-4327311AF779}.Debug_BGFX|x86.ActiveCfg = Debug|Win32
		{2BF90D88-9139-4E66-A778-4327311AF779}.Debug_BGFX|x86.Build.0 = Debug|Win32
		{2BF90D88-9139-4E66-A778-4327311AF779}.Debug_GL|x64.ActiveCfg = Debug|x64
		{2BF90D88-9139-4E66-A778-4327311AF779}.Debug_GL|x64.Build.0 = Debug|x64
		{2BF90D88-9139-4E66-A778-4327311AF779}.Debug_GL|x86.ActiveCfg = Debug|Win32
		{2BF90D88-9139-4E66-A778-4327311AF779}.Debug_GL|x86.Build.0 = Debug|Win32
		{2BF90D88-9139-4E66-A778-4327311AF779}.Debug|x64.ActiveCfg = Debug|x64
		{2BF90D88-9139-4E66-A778-4327311AF779}.Debug|x64.Build.0 = Debug|x64
		{2BF90D88-9139-4E66-A778-4327311AF779}.Debug|x86.ActiveCfg = Debug|Win32
		{2BF90D88-9139-4E66-A778-4327311AF779}.Debug|x86.Build.0 = Debug|Win32
		{2BF90D88-9139-4E66-A778-4327311AF779}.Release_BGFX|x64.ActiveCfg = Release|x64
		{2BF90D88-9139-4E66-A778-4327311AF779}.Release_BGFX|x64.Build.0 = Release|x64
		{2BF90D88-9139-4E66-A778-4327311AF779}.Release_BGFX|x86.ActiveCfg = Release|Win32
		{2BF90D88-9139-4E66-A778-4327311AF779}.Release_BGFX|x86.Build.0 = Release|Win32
		{2BF90D88-9139-4E66-A778-4327311AF779}.Release_GL|x64.ActiveCfg = Release|x64
		{2BF90D88-9139-4E66-A778-4327311AF779}.Release_GL|x64.Build.0 = Release|x64
		{2BF90D88-9139-4E66-A778-4327311AF779}.Release_GL|x86.ActiveCfg = Release|Win32
		{2BF90D88-9139-4E66-A778-4327311AF779}.Release_GL|x86.Build.0 = Release|Win32
		{2BF90D88-9139-4E66-A778-4327311AF779}.Release|x64.ActiveCfg = Release|x64
		{2BF90D88-9139-4E66-A778-4327311AF779}.Release|x64.Build.0 = Release|x64
		{2BF90D88-9139-4E66-A778-4327311AF779}.Release|x86.ActiveCfg = Release|Win32
		{2BF90D88-9139-4E66-A778-4327311AF779}.Release|x86.Build.0 = Release|Win32


		{2BF90D88-9139-4E66-A778-4327311AF7A7}.Debug_BGFX|x64.ActiveCfg = Debug|x64
		{2BF90D88-9139-4E66-A778-4327311AF7A7}.Debug_BGFX|x64.Build.0 = Debug|x64
		{2BF90D88-9139-4E66-A778-4327311AF7A7}.Debug_BGFX|x86.ActiveCfg = Debug|Win32
		{2BF90D88-9139-4E66-A778-4327311AF7A7}.Debug_BGFX|x86.Build.0 = Debug|Win32
		{2BF90D88-9139-4E66-A778-4327311AF7A7}.Debug_GL|x64.ActiveCfg = Debug|x64
		{2BF90D88-9139-4E66-A778-4327311AF7A7}.Debug_GL|x64.Build.0 = Debug|x64
		{2BF90D88-9139-4E66-A778-4327311AF7A7}.Debug_GL|x86.ActiveCfg = Debug|Win32
		{2BF90D88-9139-4E66-A778-4327311AF7A7}.Debug_GL|x86.Build.0 = Debug|Win32
		{2BF90D88-9139-4E66-A778-4327311AF7A7}.Debug|x64.ActiveCfg = Debug|x64
		{2BF90D88-9139-4E66-A778-4327311AF7A7}.Debug|x64.Build.0 = Debug|x64
		{2BF90D88-9139-4E66-A778-4327311AF7A7}.Debug|x86.ActiveCfg = Debug|Win32
		{2BF90D88-9139-4E66-A778-4327311AF7A7}.Debug|x86.Build.0 = Debug|Win32
		{2BF90D88-9139-4E66-A778-4327311AF7A7}.Release_BGFX|x64.ActiveCfg = Release|x64
		{2BF90D88-9139-4E66-A778-4327311AF7A7}.Release_BGFX|x64.Build.0 = Release|x64
		{2BF90D88-9139-4E66-A778-4327311AF7A7}.Release_BGFX|x86.ActiveCfg = Release|Win32
		{2BF90D88-9139-4E66-A778-4327311AF7A7}.Release_BGFX|x86.Build.0 = Release|Win32
		{2BF90D88-9139-4E66-A778-4327311AF7A7}.Release_GL|x64.ActiveCfg = Release|x64
		{2BF90D88-9139-4E66-A778-4327311AF7A7}.Release_GL|x64.Build.0 = Release|x64
		{2BF90D88-9139-4E66-A778-4327311AF7A7}.Release_GL|x86.ActiveCfg = Release|Win32
		{2BF90D88-9139-4E66-A778-4327311AF7A7}.Release_GL|x86.Build.0 = Release|Win32
		{2BF90D88-9139-4E66-A778-4327311AF7A7}.Release|x64.ActiveCfg = Release|x64
		{2BF90D88-9139-4E66-A778-4327311AF7A7}.Release|x64.Build.0 = Release|x64
		{2BF90D88-9139-4E66-A778-4327311AF7A7}.Release|x86.ActiveCfg = Release|Win32
		{2BF90D88-9139-4E66-A778-4327311AF7A7}.Release|x86.Build.0 = Release|Win32
	EndGlobalSection
	GlobalSection(SolutionProperties) = preSolution
		HideSolutionNode = FALSE
	EndGlobalSection
EndGlobal
